
Microsoft Visual Studio Solution File, Format Version 12.00
# Visual Studio Version 17
VisualStudioVersion = 17.9.34622.214
MinimumVisualStudioVersion = 10.0.40219.1
Project("{FAE04EC0-301F-11D3-BF4B-00C04F79EFBC}") = "lab5", "lab5\lab5.csproj", "{EF0656AB-C75B-4EC4-9A21-ED6EC30C4E20}"
EndProject
Global
	GlobalSection(SolutionConfigurationPlatforms) = preSolution
		Debug|Any CPU = Debug|Any CPU
		Release|Any CPU = Release|Any CPU
	EndGlobalSection
	GlobalSection(ProjectConfigurationPlatforms) = postSolution
		{EF0656AB-C75B-4EC4-9A21-ED6EC30C4E20}.Debug|Any CPU.ActiveCfg = Debug|Any CPU
		{EF0656AB-C75B-4EC4-9A21-ED6EC30C4E20}.Debug|Any CPU.Build.0 = Debug|Any CPU
		{EF0656AB-C75B-4EC4-9A21-ED6EC30C4E20}.Release|Any CPU.ActiveCfg = Release|Any CPU
		{EF0656AB-C75B-4EC4-9A21-ED6EC30C4E20}.Release|Any CPU.Build.0 = Release|Any CPU
	EndGlobalSection
	GlobalSection(SolutionProperties) = preSolution
		HideSolutionNode = FALSE
	EndGlobalSection
	GlobalSection(ExtensibilityGlobals) = postSolution
		SolutionGuid = {24ED48E7-EE2D-4689-8F45-ADC87B9D6385}
	EndGlobalSection
EndGlobal
