
Microsoft Visual Studio Solution File, Format Version 12.00
# Visual Studio Version 17
VisualStudioVersion = 17.9.34622.214
MinimumVisualStudioVersion = 10.0.40219.1
Project("{FAE04EC0-301F-11D3-BF4B-00C04F79EFBC}") = "lab6", "lab6\lab6.csproj", "{6C9DFAF3-A9C0-4441-8493-7158FB6015B9}"
EndProject
Global
	GlobalSection(SolutionConfigurationPlatforms) = preSolution
		Debug|Any CPU = Debug|Any CPU
		Release|Any CPU = Release|Any CPU
	EndGlobalSection
	GlobalSection(ProjectConfigurationPlatforms) = postSolution
		{6C9DFAF3-A9C0-4441-8493-7158FB6015B9}.Debug|Any CPU.ActiveCfg = Debug|Any CPU
		{6C9DFAF3-A9C0-4441-8493-7158FB6015B9}.Debug|Any CPU.Build.0 = Debug|Any CPU
		{6C9DFAF3-A9C0-4441-8493-7158FB6015B9}.Release|Any CPU.ActiveCfg = Release|Any CPU
		{6C9DFAF3-A9C0-4441-8493-7158FB6015B9}.Release|Any CPU.Build.0 = Release|Any CPU
	EndGlobalSection
	GlobalSection(SolutionProperties) = preSolution
		HideSolutionNode = FALSE
	EndGlobalSection
	GlobalSection(ExtensibilityGlobals) = postSolution
		SolutionGuid = {C9B5D412-0507-4DC0-9BE6-7F7B60522BE3}
	EndGlobalSection
EndGlobal
